<?xml version="1.0" encoding="utf-8"?>
<Project ToolsVersion="4.0" xmlns="http://schemas.microsoft.com/developer/msbuild/2003">
  <ItemGroup>
    <Filter Include="Source Files">
      <UniqueIdentifier>{4FC737F1-C7A5-4376-A066-2A32D752A2FF}</UniqueIdentifier>
      <Extensions>cpp;c;cc;cxx;def;odl;idl;hpj;bat;asm;asmx</Extensions>
    </Filter>
    <Filter Include="Header Files">
      <UniqueIdentifier>{93995380-89BD-4b04-88EB-625FBE52EBFB}</UniqueIdentifier>
      <Extensions>h;hh;hpp;hxx;hm;inl;inc;xsd</Extensions>
    </Filter>
    <Filter Include="Resource Files">
      <UniqueIdentifier>{67DA6AB6-F800-4c08-8B7A-83BB121AAD01}</UniqueIdentifier>
      <Extensions>rc;ico;cur;bmp;dlg;rc2;rct;bin;rgs;gif;jpg;jpeg;jpe;resx;tiff;tif;png;wav;mfcribbon-ms</Extensions>
    </Filter>
    <Filter Include="CSV">
      <UniqueIdentifier>{e2118885-07f6-4d3d-88b2-348422dad692}</UniqueIdentifier>
      <Extensions>csv</Extensions>
    </Filter>
  </ItemGroup>
  <ItemGroup>
    <ClCompile Include="Main.cpp">
      <Filter>Source Files</Filter>
    </ClCompile>
    <ClCompile Include="Character.cpp">
      <Filter>Source Files</Filter>
    </ClCompile>
    <ClCompile Include="SelfHeal.cpp">
      <Filter>Source Files</Filter>
    </ClCompile>
    <ClCompile Include="Wizard.cpp">
      <Filter>Source Files</Filter>
    </ClCompile>
    <ClCompile Include="SingleEnemyHit.cpp">
      <Filter>Source Files</Filter>
    </ClCompile>
    <ClCompile Include="RandUtils.cpp">
      <Filter>Source Files</Filter>
    </ClCompile>
    <ClCompile Include="UniformMultiEnemyHit.cpp">
      <Filter>Source Files</Filter>
    </ClCompile>
    <ClCompile Include="Battle.cpp">
      <Filter>Source Files</Filter>
    </ClCompile>
    <ClCompile Include="Cleric.cpp">
      <Filter>Source Files</Filter>
    </ClCompile>
    <ClCompile Include="Necromancer.cpp">
      <Filter>Source Files</Filter>
    </ClCompile>
    <ClCompile Include="SimpleUndead.cpp">
      <Filter>Source Files</Filter>
    </ClCompile>
    <ClCompile Include="SumonSimpleUndead.cpp">
      <Filter>Source Files</Filter>
    </ClCompile>
    <ClCompile Include="UniformMultiLifeDrain.cpp">
      <Filter>Source Files</Filter>
    </ClCompile>
    <ClCompile Include="Barbarian.cpp">
      <Filter>Source Files</Filter>
    </ClCompile>
    <ClCompile Include="FalloffMultiEnemyHit.cpp">
      <Filter>Source Files</Filter>
    </ClCompile>
    <ClCompile Include="Rogue.cpp">
      <Filter>Source Files</Filter>
    </ClCompile>
    <ClCompile Include="Hide.cpp">
      <Filter>Source Files</Filter>
    </ClCompile>
    <ClCompile Include="Party.cpp">
      <Filter>Source Files</Filter>
    </ClCompile>
    <ClCompile Include="NamesDatabase.cpp">
      <Filter>Source Files</Filter>
    </ClCompile>
    <ClCompile Include="Arena.cpp">
      <Filter>Source Files</Filter>
    </ClCompile>
    <ClCompile Include="Currency.cpp">
      <Filter>Source Files</Filter>
    </ClCompile>
    <ClCompile Include="PlayerWrapper.cpp">
      <Filter>Source Files</Filter>
    </ClCompile>
    <ClCompile Include="DeleteProtectionWrapper.cpp">
      <Filter>Source Files</Filter>
    </ClCompile>
    <ClCompile Include="LoginUtils.cpp">
      <Filter>Source Files</Filter>
    </ClCompile>
  </ItemGroup>
  <ItemGroup>
    <ClInclude Include="Character.h">
      <Filter>Header Files</Filter>
    </ClInclude>
    <ClInclude Include="RandUtils.h">
      <Filter>Header Files</Filter>
    </ClInclude>
    <ClInclude Include="SelfHeal.h">
      <Filter>Header Files</Filter>
    </ClInclude>
    <ClInclude Include="Wizard.h">
      <Filter>Header Files</Filter>
    </ClInclude>
    <ClInclude Include="SingleEnemyHit.h">
      <Filter>Header Files</Filter>
    </ClInclude>
    <ClInclude Include="UniformMultiEnemyHit.h">
      <Filter>Header Files</Filter>
    </ClInclude>
    <ClInclude Include="Battle.h">
      <Filter>Header Files</Filter>
    </ClInclude>
    <ClInclude Include="Cleric.h">
      <Filter>Header Files</Filter>
    </ClInclude>
    <ClInclude Include="Attack.h">
      <Filter>Header Files</Filter>
    </ClInclude>
    <ClInclude Include="Necromancer.h">
      <Filter>Header Files</Filter>
    </ClInclude>
    <ClInclude Include="SimpleUndead.h">
      <Filter>Header Files</Filter>
    </ClInclude>
    <ClInclude Include="SumonSimpleUndead.h">
      <Filter>Header Files</Filter>
    </ClInclude>
    <ClInclude Include="UniformMultiLifeDrain.h">
      <Filter>Header Files</Filter>
    </ClInclude>
    <ClInclude Include="Barbarian.h">
      <Filter>Header Files</Filter>
    </ClInclude>
    <ClInclude Include="FalloffMultiEnemyHit.h">
      <Filter>Header Files</Filter>
    </ClInclude>
    <ClInclude Include="Rogue.h">
      <Filter>Header Files</Filter>
    </ClInclude>
    <ClInclude Include="Hide.h">
      <Filter>Header Files</Filter>
    </ClInclude>
    <ClInclude Include="Party.h">
      <Filter>Header Files</Filter>
    </ClInclude>
    <ClInclude Include="NamesDatabase.h">
      <Filter>Header Files</Filter>
    </ClInclude>
    <ClInclude Include="Arena.h">
      <Filter>Header Files</Filter>
    </ClInclude>
    <ClInclude Include="MemTester.h">
      <Filter>Header Files</Filter>
    </ClInclude>
    <ClInclude Include="Currency.h">
      <Filter>Header Files</Filter>
    </ClInclude>
    <ClInclude Include="PlayerWrapper.h">
      <Filter>Header Files</Filter>
    </ClInclude>
    <ClInclude Include="DeleteProtectionWrapper.h">
      <Filter>Header Files</Filter>
    </ClInclude>
    <ClInclude Include="LoginUtils.h">
      <Filter>Header Files</Filter>
    </ClInclude>
  </ItemGroup>
  <ItemGroup>
    <None Include="CSV_Database_of_Last_Names.csv">
      <Filter>CSV</Filter>
    </None>
    <None Include="CSV_Database_of_First_Names.csv">
      <Filter>CSV</Filter>
    </None>
  </ItemGroup>
</Project>